
Microsoft Visual Studio Solution File, Format Version 12.00
# Visual Studio 15
VisualStudioVersion = 15.0.27130.2024
MinimumVisualStudioVersion = 10.0.40219.1
Project("{8BC9CEB8-8B4A-11D0-8D11-00A0C91BC942}") = "Excercise01", "Excercise01\Excercise01.vcxproj", "{38345E0D-A7BF-479A-980D-EE11FA48648D}"
EndProject
Project("{8BC9CEB8-8B4A-11D0-8D11-00A0C91BC942}") = "Excercise02", "Excercise02\Excercise02.vcxproj", "{4A7411CF-D44B-452D-ACBE-4AC69F49E6F4}"
EndProject
Project("{8BC9CEB8-8B4A-11D0-8D11-00A0C91BC942}") = "Excercise03", "Excercise03\Excercise03.vcxproj", "{DB1EDC41-8E61-41F4-9598-7629FE5FF428}"
EndProject
Project("{8BC9CEB8-8B4A-11D0-8D11-00A0C91BC942}") = "Excercise04", "Excercise04\Excercise04.vcxproj", "{DD6EB7AB-F9AC-4447-9316-D31DB7530B9E}"
EndProject
Project("{8BC9CEB8-8B4A-11D0-8D11-00A0C91BC942}") = "Excercise05", "Excercise05\Excercise05.vcxproj", "{1143F1DD-2AF0-44F2-9B98-3054863BA731}"
EndProject
Project("{8BC9CEB8-8B4A-11D0-8D11-00A0C91BC942}") = "Excercise06", "Excercise06\Excercise06.vcxproj", "{ED7CF68F-92E2-4B6E-95FE-633C9CFAAAB1}"
EndProject
Project("{8BC9CEB8-8B4A-11D0-8D11-00A0C91BC942}") = "Excercise07", "Excercise07\Excercise07.vcxproj", "{9EA3CA4A-17B3-4940-AC09-2FAEF8BA2D8B}"
EndProject
Project("{8BC9CEB8-8B4A-11D0-8D11-00A0C91BC942}") = "Excercise08", "Excercise08\Excercise08.vcxproj", "{284A9540-678C-4B8C-93D2-F17DEE1D031D}"
EndProject
Global
	GlobalSection(SolutionConfigurationPlatforms) = preSolution
		Debug|x64 = Debug|x64
		Debug|x86 = Debug|x86
		Release|x64 = Release|x64
		Release|x86 = Release|x86
	EndGlobalSection
	GlobalSection(ProjectConfigurationPlatforms) = postSolution
		{38345E0D-A7BF-479A-980D-EE11FA48648D}.Debug|x64.ActiveCfg = Debug|x64
		{38345E0D-A7BF-479A-980D-EE11FA48648D}.Debug|x64.Build.0 = Debug|x64
		{38345E0D-A7BF-479A-980D-EE11FA48648D}.Debug|x86.ActiveCfg = Debug|Win32
		{38345E0D-A7BF-479A-980D-EE11FA48648D}.Debug|x86.Build.0 = Debug|Win32
		{38345E0D-A7BF-479A-980D-EE11FA48648D}.Release|x64.ActiveCfg = Release|x64
		{38345E0D-A7BF-479A-980D-EE11FA48648D}.Release|x64.Build.0 = Release|x64
		{38345E0D-A7BF-479A-980D-EE11FA48648D}.Release|x86.ActiveCfg = Release|Win32
		{38345E0D-A7BF-479A-980D-EE11FA48648D}.Release|x86.Build.0 = Release|Win32
		{4A7411CF-D44B-452D-ACBE-4AC69F49E6F4}.Debug|x64.ActiveCfg = Debug|x64
		{4A7411CF-D44B-452D-ACBE-4AC69F49E6F4}.Debug|x64.Build.0 = Debug|x64
		{4A7411CF-D44B-452D-ACBE-4AC69F49E6F4}.Debug|x86.ActiveCfg = Debug|Win32
		{4A7411CF-D44B-452D-ACBE-4AC69F49E6F4}.Debug|x86.Build.0 = Debug|Win32
		{4A7411CF-D44B-452D-ACBE-4AC69F49E6F4}.Release|x64.ActiveCfg = Release|x64
		{4A7411CF-D44B-452D-ACBE-4AC69F49E6F4}.Release|x64.Build.0 = Release|x64
		{4A7411CF-D44B-452D-ACBE-4AC69F49E6F4}.Release|x86.ActiveCfg = Release|Win32
		{4A7411CF-D44B-452D-ACBE-4AC69F49E6F4}.Release|x86.Build.0 = Release|Win32
		{DB1EDC41-8E61-41F4-9598-7629FE5FF428}.Debug|x64.ActiveCfg = Debug|x64
		{DB1EDC41-8E61-41F4-9598-7629FE5FF428}.Debug|x64.Build.0 = Debug|x64
		{DB1EDC41-8E61-41F4-9598-7629FE5FF428}.Debug|x86.ActiveCfg = Debug|Win32
		{DB1EDC41-8E61-41F4-9598-7629FE5FF428}.Debug|x86.Build.0 = Debug|Win32
		{DB1EDC41-8E61-41F4-9598-7629FE5FF428}.Release|x64.ActiveCfg = Release|x64
		{DB1EDC41-8E61-41F4-9598-7629FE5FF428}.Release|x64.Build.0 = Release|x64
		{DB1EDC41-8E61-41F4-9598-7629FE5FF428}.Release|x86.ActiveCfg = Release|Win32
		{DB1EDC41-8E61-41F4-9598-7629FE5FF428}.Release|x86.Build.0 = Release|Win32
		{DD6EB7AB-F9AC-4447-9316-D31DB7530B9E}.Debug|x64.ActiveCfg = Debug|x64
		{DD6EB7AB-F9AC-4447-9316-D31DB7530B9E}.Debug|x64.Build.0 = Debug|x64
		{DD6EB7AB-F9AC-4447-9316-D31DB7530B9E}.Debug|x86.ActiveCfg = Debug|Win32
		{DD6EB7AB-F9AC-4447-9316-D31DB7530B9E}.Debug|x86.Build.0 = Debug|Win32
		{DD6EB7AB-F9AC-4447-9316-D31DB7530B9E}.Release|x64.ActiveCfg = Release|x64
		{DD6EB7AB-F9AC-4447-9316-D31DB7530B9E}.Release|x64.Build.0 = Release|x64
		{DD6EB7AB-F9AC-4447-9316-D31DB7530B9E}.Release|x86.ActiveCfg = Release|Win32
		{DD6EB7AB-F9AC-4447-9316-D31DB7530B9E}.Release|x86.Build.0 = Release|Win32
		{1143F1DD-2AF0-44F2-9B98-3054863BA731}.Debug|x64.ActiveCfg = Debug|x64
		{1143F1DD-2AF0-44F2-9B98-3054863BA731}.Debug|x64.Build.0 = Debug|x64
		{1143F1DD-2AF0-44F2-9B98-3054863BA731}.Debug|x86.ActiveCfg = Debug|Win32
		{1143F1DD-2AF0-44F2-9B98-3054863BA731}.Debug|x86.Build.0 = Debug|Win32
		{1143F1DD-2AF0-44F2-9B98-3054863BA731}.Release|x64.ActiveCfg = Release|x64
		{1143F1DD-2AF0-44F2-9B98-3054863BA731}.Release|x64.Build.0 = Release|x64
		{1143F1DD-2AF0-44F2-9B98-3054863BA731}.Release|x86.ActiveCfg = Release|Win32
		{1143F1DD-2AF0-44F2-9B98-3054863BA731}.Release|x86.Build.0 = Release|Win32
		{ED7CF68F-92E2-4B6E-95FE-633C9CFAAAB1}.Debug|x64.ActiveCfg = Debug|x64
		{ED7CF68F-92E2-4B6E-95FE-633C9CFAAAB1}.Debug|x64.Build.0 = Debug|x64
		{ED7CF68F-92E2-4B6E-95FE-633C9CFAAAB1}.Debug|x86.ActiveCfg = Debug|Win32
		{ED7CF68F-92E2-4B6E-95FE-633C9CFAAAB1}.Debug|x86.Build.0 = Debug|Win32
		{ED7CF68F-92E2-4B6E-95FE-633C9CFAAAB1}.Release|x64.ActiveCfg = Release|x64
		{ED7CF68F-92E2-4B6E-95FE-633C9CFAAAB1}.Release|x64.Build.0 = Release|x64
		{ED7CF68F-92E2-4B6E-95FE-633C9CFAAAB1}.Release|x86.ActiveCfg = Release|Win32
		{ED7CF68F-92E2-4B6E-95FE-633C9CFAAAB1}.Release|x86.Build.0 = Release|Win32
		{9EA3CA4A-17B3-4940-AC09-2FAEF8BA2D8B}.Debug|x64.ActiveCfg = Debug|x64
		{9EA3CA4A-17B3-4940-AC09-2FAEF8BA2D8B}.Debug|x64.Build.0 = Debug|x64
		{9EA3CA4A-17B3-4940-AC09-2FAEF8BA2D8B}.Debug|x86.ActiveCfg = Debug|Win32
		{9EA3CA4A-17B3-4940-AC09-2FAEF8BA2D8B}.Debug|x86.Build.0 = Debug|Win32
		{9EA3CA4A-17B3-4940-AC09-2FAEF8BA2D8B}.Release|x64.ActiveCfg = Release|x64
		{9EA3CA4A-17B3-4940-AC09-2FAEF8BA2D8B}.Release|x64.Build.0 = Release|x64
		{9EA3CA4A-17B3-4940-AC09-2FAEF8BA2D8B}.Release|x86.ActiveCfg = Release|Win32
		{9EA3CA4A-17B3-4940-AC09-2FAEF8BA2D8B}.Release|x86.Build.0 = Release|Win32
		{284A9540-678C-4B8C-93D2-F17DEE1D031D}.Debug|x64.ActiveCfg = Debug|x64
		{284A9540-678C-4B8C-93D2-F17DEE1D031D}.Debug|x64.Build.0 = Debug|x64
		{284A9540-678C-4B8C-93D2-F17DEE1D031D}.Debug|x86.ActiveCfg = Debug|Win32
		{284A9540-678C-4B8C-93D2-F17DEE1D031D}.Debug|x86.Build.0 = Debug|Win32
		{284A9540-678C-4B8C-93D2-F17DEE1D031D}.Release|x64.ActiveCfg = Release|x64
		{284A9540-678C-4B8C-93D2-F17DEE1D031D}.Release|x64.Build.0 = Release|x64
		{284A9540-678C-4B8C-93D2-F17DEE1D031D}.Release|x86.ActiveCfg = Release|Win32
		{284A9540-678C-4B8C-93D2-F17DEE1D031D}.Release|x86.Build.0 = Release|Win32
	EndGlobalSection
	GlobalSection(SolutionProperties) = preSolution
		HideSolutionNode = FALSE
	EndGlobalSection
	GlobalSection(ExtensibilityGlobals) = postSolution
		SolutionGuid = {73D5012C-A445-4543-8EF2-FC59F6A5CACC}
	EndGlobalSection
EndGlobal
