
Microsoft Visual Studio Solution File, Format Version 12.00
# Visual Studio 15
VisualStudioVersion = 15.0.26430.16
MinimumVisualStudioVersion = 10.0.40219.1
Project("{8BC9CEB8-8B4A-11D0-8D11-00A0C91BC942}") = "Excercise01", "Excercise01\Excercise01.vcxproj", "{705CE7DC-E3AF-4AD1-8BEE-A9FABCEFD97D}"
EndProject
Project("{8BC9CEB8-8B4A-11D0-8D11-00A0C91BC942}") = "Excercise02", "Excercise02\Excercise02.vcxproj", "{E9356E1F-9534-470C-B788-1F42327EAF5A}"
EndProject
Project("{8BC9CEB8-8B4A-11D0-8D11-00A0C91BC942}") = "Excercise03", "Excercise03\Excercise03.vcxproj", "{68E4FB6F-9C5A-4BBA-9771-71D1F8D72963}"
EndProject
Global
	GlobalSection(SolutionConfigurationPlatforms) = preSolution
		Debug|x64 = Debug|x64
		Debug|x86 = Debug|x86
		Release|x64 = Release|x64
		Release|x86 = Release|x86
	EndGlobalSection
	GlobalSection(ProjectConfigurationPlatforms) = postSolution
		{705CE7DC-E3AF-4AD1-8BEE-A9FABCEFD97D}.Debug|x64.ActiveCfg = Debug|x64
		{705CE7DC-E3AF-4AD1-8BEE-A9FABCEFD97D}.Debug|x64.Build.0 = Debug|x64
		{705CE7DC-E3AF-4AD1-8BEE-A9FABCEFD97D}.Debug|x86.ActiveCfg = Debug|Win32
		{705CE7DC-E3AF-4AD1-8BEE-A9FABCEFD97D}.Debug|x86.Build.0 = Debug|Win32
		{705CE7DC-E3AF-4AD1-8BEE-A9FABCEFD97D}.Release|x64.ActiveCfg = Release|x64
		{705CE7DC-E3AF-4AD1-8BEE-A9FABCEFD97D}.Release|x64.Build.0 = Release|x64
		{705CE7DC-E3AF-4AD1-8BEE-A9FABCEFD97D}.Release|x86.ActiveCfg = Release|Win32
		{705CE7DC-E3AF-4AD1-8BEE-A9FABCEFD97D}.Release|x86.Build.0 = Release|Win32
		{E9356E1F-9534-470C-B788-1F42327EAF5A}.Debug|x64.ActiveCfg = Debug|x64
		{E9356E1F-9534-470C-B788-1F42327EAF5A}.Debug|x64.Build.0 = Debug|x64
		{E9356E1F-9534-470C-B788-1F42327EAF5A}.Debug|x86.ActiveCfg = Debug|Win32
		{E9356E1F-9534-470C-B788-1F42327EAF5A}.Debug|x86.Build.0 = Debug|Win32
		{E9356E1F-9534-470C-B788-1F42327EAF5A}.Release|x64.ActiveCfg = Release|x64
		{E9356E1F-9534-470C-B788-1F42327EAF5A}.Release|x64.Build.0 = Release|x64
		{E9356E1F-9534-470C-B788-1F42327EAF5A}.Release|x86.ActiveCfg = Release|Win32
		{E9356E1F-9534-470C-B788-1F42327EAF5A}.Release|x86.Build.0 = Release|Win32
		{68E4FB6F-9C5A-4BBA-9771-71D1F8D72963}.Debug|x64.ActiveCfg = Debug|x64
		{68E4FB6F-9C5A-4BBA-9771-71D1F8D72963}.Debug|x64.Build.0 = Debug|x64
		{68E4FB6F-9C5A-4BBA-9771-71D1F8D72963}.Debug|x86.ActiveCfg = Debug|Win32
		{68E4FB6F-9C5A-4BBA-9771-71D1F8D72963}.Debug|x86.Build.0 = Debug|Win32
		{68E4FB6F-9C5A-4BBA-9771-71D1F8D72963}.Release|x64.ActiveCfg = Release|x64
		{68E4FB6F-9C5A-4BBA-9771-71D1F8D72963}.Release|x64.Build.0 = Release|x64
		{68E4FB6F-9C5A-4BBA-9771-71D1F8D72963}.Release|x86.ActiveCfg = Release|Win32
		{68E4FB6F-9C5A-4BBA-9771-71D1F8D72963}.Release|x86.Build.0 = Release|Win32
	EndGlobalSection
	GlobalSection(SolutionProperties) = preSolution
		HideSolutionNode = FALSE
	EndGlobalSection
EndGlobal
